<?xml version="1.0" encoding="utf-8"?>
<Project ToolsVersion="4.0" xmlns="http://schemas.microsoft.com/developer/msbuild/2003">
  <ItemGroup>
    <Filter Include="Source Files">
      <UniqueIdentifier>{4FC737F1-C7A5-4376-A066-2A32D752A2FF}</UniqueIdentifier>
      <Extensions>cpp;cxx;c;def</Extensions>
    </Filter>
    <Filter Include="Header Files">
      <UniqueIdentifier>{93995380-89BD-4b04-88EB-625FBE52EBFB}</UniqueIdentifier>
      <Extensions>h</Extensions>
    </Filter>
    <Filter Include="Form Files">
      <UniqueIdentifier>{99349809-55BA-4b9d-BF79-8FDBB0286EB3}</UniqueIdentifier>
      <Extensions>ui</Extensions>
    </Filter>
    <Filter Include="Resource Files">
      <UniqueIdentifier>{D9D6E242-F8AF-46E4-B9FD-80ECBC20BA3E}</UniqueIdentifier>
      <Extensions>qrc;*</Extensions>
      <ParseFiles>false</ParseFiles>
    </Filter>
    <Filter Include="Generated Files">
      <UniqueIdentifier>{71ED8ED8-ACB9-4CE9-BBE1-E00B30144E11}</UniqueIdentifier>
      <Extensions>moc;h;cpp</Extensions>
      <SourceControlFiles>False</SourceControlFiles>
    </Filter>
    <Filter Include="Generated Files\Debug">
      <UniqueIdentifier>{a31a0a34-62e9-4821-b900-c35fe2358dfa}</UniqueIdentifier>
      <Extensions>cpp;moc</Extensions>
      <SourceControlFiles>False</SourceControlFiles>
    </Filter>
    <Filter Include="Generated Files\Release">
      <UniqueIdentifier>{80eef0c6-5e70-4213-b99d-af08c2a4fb99}</UniqueIdentifier>
      <Extensions>cpp;moc</Extensions>
      <SourceControlFiles>False</SourceControlFiles>
    </Filter>
    <Filter Include="Source Files\Renderer">
      <UniqueIdentifier>{f61aaceb-f442-4aad-9386-c4073cfa814c}</UniqueIdentifier>
    </Filter>
    <Filter Include="Shaders">
      <UniqueIdentifier>{00c19e01-4927-40b3-a7de-a096b2c31214}</UniqueIdentifier>
    </Filter>
    <Filter Include="Source Files\Widgets">
      <UniqueIdentifier>{30799006-27c0-44a8-ba60-e2f6e7d2e030}</UniqueIdentifier>
    </Filter>
    <Filter Include="Source Files\Utils">
      <UniqueIdentifier>{e34dc9e6-ed9e-44de-9245-c0f4f6991d5c}</UniqueIdentifier>
    </Filter>
  </ItemGroup>
  <ItemGroup>
    <ClCompile Include="Src\TT_PCH.cpp">
      <Filter>Source Files</Filter>
    </ClCompile>
    <ClCompile Include="Src\main.cpp">
      <Filter>Source Files</Filter>
    </ClCompile>
    <ClCompile Include="Src\MainFrm.cpp">
      <Filter>Source Files</Filter>
    </ClCompile>
    <ClCompile Include="Src\Widgets\TextureResourceEditor.cpp">
      <Filter>Source Files\Widgets</Filter>
    </ClCompile>
    <ClCompile Include="Src\Widgets\RenderView.cpp">
      <Filter>Source Files\Widgets</Filter>
    </ClCompile>
    <ClCompile Include="GeneratedFiles\Debug\moc_RenderView.cpp">
      <Filter>Generated Files\Debug</Filter>
    </ClCompile>
    <ClCompile Include="Src\Renderer\Shader.cpp">
      <Filter>Source Files\Renderer</Filter>
    </ClCompile>
    <ClCompile Include="Src\Renderer\ShaderManager.cpp">
      <Filter>Source Files\Renderer</Filter>
    </ClCompile>
    <ClCompile Include="Src\Renderer\Surface.cpp">
      <Filter>Source Files\Renderer</Filter>
    </ClCompile>
    <ClCompile Include="Src\Renderer\Texture.cpp">
      <Filter>Source Files\Renderer</Filter>
    </ClCompile>
    <ClCompile Include="Src\Renderer\Model.cpp">
      <Filter>Source Files\Renderer</Filter>
    </ClCompile>
    <ClCompile Include="Src\Renderer\DXDevice.cpp">
      <Filter>Source Files\Renderer</Filter>
    </ClCompile>
    <ClCompile Include="Src\TextureConverter.cpp">
      <Filter>Source Files</Filter>
    </ClCompile>
    <ClCompile Include="GeneratedFiles\Debug\moc_TextureResourceEditor.cpp">
      <Filter>Generated Files\Debug</Filter>
    </ClCompile>
    <ClCompile Include="GeneratedFiles\Release\moc_TextureResourceEditor.cpp">
      <Filter>Generated Files\Release</Filter>
    </ClCompile>
    <ClCompile Include="GeneratedFiles\qrc_TextureTool.cpp">
      <Filter>Generated Files</Filter>
    </ClCompile>
    <ClCompile Include="GeneratedFiles\Debug\moc_MainFrm.cpp">
      <Filter>Generated Files\Debug</Filter>
    </ClCompile>
    <ClCompile Include="GeneratedFiles\Release\moc_MainFrm.cpp">
      <Filter>Generated Files\Release</Filter>
    </ClCompile>
    <ClCompile Include="Src\Widgets\SharpeningFilter.cpp">
      <Filter>Source Files\Widgets</Filter>
    </ClCompile>
    <ClCompile Include="GeneratedFiles\Debug\moc_SharpeningFilter.cpp">
      <Filter>Generated Files\Debug</Filter>
    </ClCompile>
    <ClCompile Include="GeneratedFiles\Release\moc_SharpeningFilter.cpp">
      <Filter>Generated Files\Release</Filter>
    </ClCompile>
    <ClCompile Include="GeneratedFiles\qrc_style.cpp">
      <Filter>Generated Files</Filter>
    </ClCompile>
    <ClCompile Include="Src\QTUtils.cpp">
      <Filter>Source Files\Utils</Filter>
    </ClCompile>
    <ClCompile Include="Src\DXUtils.cpp">
      <Filter>Source Files\Utils</Filter>
    </ClCompile>
    <ClCompile Include="Src\DebugUtils.cpp">
      <Filter>Source Files\Utils</Filter>
    </ClCompile>
  </ItemGroup>
  <ItemGroup>
    <CustomBuild Include="Src\MainFrm.h">
      <Filter>Source Files</Filter>
    </CustomBuild>
    <CustomBuild Include="Src\Widgets\TextureResourceEditor.ui">
      <Filter>Form Files</Filter>
    </CustomBuild>
    <CustomBuild Include="Src\Widgets\TextureResourceEditor.h">
      <Filter>Source Files\Widgets</Filter>
    </CustomBuild>
    <CustomBuild Include="Src\Widgets\RenderView.h">
      <Filter>Source Files\Widgets</Filter>
    </CustomBuild>
    <CustomBuild Include="MainFrm.ui">
      <Filter>Form Files</Filter>
    </CustomBuild>
    <CustomBuild Include="TextureTool.qrc">
      <Filter>Resource Files</Filter>
    </CustomBuild>
    <CustomBuild Include="Src\Widgets\SharpeningFilter.ui">
      <Filter>Form Files</Filter>
    </CustomBuild>
    <CustomBuild Include="Resources\StyleSheets\style.qrc">
      <Filter>Resource Files</Filter>
    </CustomBuild>
    <CustomBuild Include="Src\Widgets\SharpeningFilter.h">
      <Filter>Source Files\Widgets</Filter>
    </CustomBuild>
  </ItemGroup>
  <ItemGroup>
    <ClInclude Include="Src\global.h">
      <Filter>Header Files</Filter>
    </ClInclude>
    <ClInclude Include="Src\resource.h">
      <Filter>Header Files</Filter>
    </ClInclude>
    <ClInclude Include="Src\QTIncludes.h">
      <Filter>Header Files</Filter>
    </ClInclude>
    <ClInclude Include="Src\TT_PCH.h">
      <Filter>Source Files</Filter>
    </ClInclude>
    <ClInclude Include="GeneratedFiles\ui_TextureResourceEditor.h">
      <Filter>Generated Files</Filter>
    </ClInclude>
    <ClInclude Include="Src\Renderer\Shader.h">
      <Filter>Source Files\Renderer</Filter>
    </ClInclude>
    <ClInclude Include="Src\Renderer\ShaderManager.h">
      <Filter>Source Files\Renderer</Filter>
    </ClInclude>
    <ClInclude Include="Src\Renderer\Surface.h">
      <Filter>Source Files\Renderer</Filter>
    </ClInclude>
    <ClInclude Include="Src\Renderer\Texture.h">
      <Filter>Source Files\Renderer</Filter>
    </ClInclude>
    <ClInclude Include="Src\Renderer\Model.h">
      <Filter>Source Files\Renderer</Filter>
    </ClInclude>
    <ClInclude Include="Src\Renderer\DXDevice.h">
      <Filter>Source Files\Renderer</Filter>
    </ClInclude>
    <ClInclude Include="Src\Renderer\DXIncludes.h">
      <Filter>Source Files\Renderer</Filter>
    </ClInclude>
    <ClInclude Include="GeneratedFiles\ui_MainFrm.h">
      <Filter>Generated Files</Filter>
    </ClInclude>
    <ClInclude Include="GeneratedFiles\ui_SharpeningFilter.h">
      <Filter>Generated Files</Filter>
    </ClInclude>
    <ClInclude Include="Src\DXUtils.h">
      <Filter>Source Files\Utils</Filter>
    </ClInclude>
    <ClInclude Include="Src\QTUtils.h">
      <Filter>Source Files\Utils</Filter>
    </ClInclude>
    <ClInclude Include="Src\DebugUtils.h">
      <Filter>Source Files\Utils</Filter>
    </ClInclude>
    <ClInclude Include="Src\TextureConverter.h">
      <Filter>Source Files</Filter>
    </ClInclude>
  </ItemGroup>
  <ItemGroup>
    <FxCompile Include="Src\Shaders\TexturePreviewVS.hlsl">
      <Filter>Shaders</Filter>
    </FxCompile>
    <FxCompile Include="Src\Shaders\TexturePreviewNormalMapPS.hlsl">
      <Filter>Shaders</Filter>
    </FxCompile>
    <FxCompile Include="Src\Shaders\TexturePreviewDiffusePS.hlsl">
      <Filter>Shaders</Filter>
    </FxCompile>
  </ItemGroup>
  <ItemGroup>
    <Image Include="Resources\Icons\cobblestonesDiffuse.jpg">
      <Filter>Resource Files</Filter>
    </Image>
    <Image Include="Resources\Icons\cobblestonesNormal.jpg">
      <Filter>Resource Files</Filter>
    </Image>
    <Image Include="..\..\..\..\Qt\Stylesheets\QDarkStyle\qdarkstyle\rc\up_arrow_disabled.png">
      <Filter>Resource Files</Filter>
    </Image>
    <Image Include="..\..\..\..\Qt\Stylesheets\QDarkStyle\qdarkstyle\rc\Hmovetoolbar.png">
      <Filter>Resource Files</Filter>
    </Image>
    <Image Include="..\..\..\..\Qt\Stylesheets\QDarkStyle\qdarkstyle\rc\stylesheet-branch-end.png">
      <Filter>Resource Files</Filter>
    </Image>
    <Image Include="..\..\..\..\Qt\Stylesheets\QDarkStyle\qdarkstyle\rc\branch_closed-on.png">
      <Filter>Resource Files</Filter>
    </Image>
    <Image Include="..\..\..\..\Qt\Stylesheets\QDarkStyle\qdarkstyle\rc\stylesheet-vline.png">
      <Filter>Resource Files</Filter>
    </Image>
    <Image Include="..\..\..\..\Qt\Stylesheets\QDarkStyle\qdarkstyle\rc\branch_closed.png">
      <Filter>Resource Files</Filter>
    </Image>
    <Image Include="..\..\..\..\Qt\Stylesheets\QDarkStyle\qdarkstyle\rc\branch_open-on.png">
      <Filter>Resource Files</Filter>
    </Image>
    <Image Include="..\..\..\..\Qt\Stylesheets\QDarkStyle\qdarkstyle\rc\transparent.png">
      <Filter>Resource Files</Filter>
    </Image>
    <Image Include="..\..\..\..\Qt\Stylesheets\QDarkStyle\qdarkstyle\rc\right_arrow_disabled.png">
      <Filter>Resource Files</Filter>
    </Image>
    <Image Include="..\..\..\..\Qt\Stylesheets\QDarkStyle\qdarkstyle\rc\sizegrip.png">
      <Filter>Resource Files</Filter>
    </Image>
    <Image Include="..\..\..\..\Qt\Stylesheets\QDarkStyle\qdarkstyle\rc\close.png">
      <Filter>Resource Files</Filter>
    </Image>
    <Image Include="..\..\..\..\Qt\Stylesheets\QDarkStyle\qdarkstyle\rc\close-hover.png">
      <Filter>Resource Files</Filter>
    </Image>
    <Image Include="..\..\..\..\Qt\Stylesheets\QDarkStyle\qdarkstyle\rc\close-pressed.png">
      <Filter>Resource Files</Filter>
    </Image>
    <Image Include="..\..\..\..\Qt\Stylesheets\QDarkStyle\qdarkstyle\rc\down_arrow.png">
      <Filter>Resource Files</Filter>
    </Image>
    <Image Include="..\..\..\..\Qt\Stylesheets\QDarkStyle\qdarkstyle\rc\Vmovetoolbar.png">
      <Filter>Resource Files</Filter>
    </Image>
    <Image Include="..\..\..\..\Qt\Stylesheets\QDarkStyle\qdarkstyle\rc\left_arrow.png">
      <Filter>Resource Files</Filter>
    </Image>
    <Image Include="..\..\..\..\Qt\Stylesheets\QDarkStyle\qdarkstyle\rc\stylesheet-branch-more.png">
      <Filter>Resource Files</Filter>
    </Image>
    <Image Include="..\..\..\..\Qt\Stylesheets\QDarkStyle\qdarkstyle\rc\up_arrow.png">
      <Filter>Resource Files</Filter>
    </Image>
    <Image Include="..\..\..\..\Qt\Stylesheets\QDarkStyle\qdarkstyle\rc\right_arrow.png">
      <Filter>Resource Files</Filter>
    </Image>
    <Image Include="..\..\..\..\Qt\Stylesheets\QDarkStyle\qdarkstyle\rc\left_arrow_disabled.png">
      <Filter>Resource Files</Filter>
    </Image>
    <Image Include="..\..\..\..\Qt\Stylesheets\QDarkStyle\qdarkstyle\rc\Hsepartoolbar.png">
      <Filter>Resource Files</Filter>
    </Image>
    <Image Include="..\..\..\..\Qt\Stylesheets\QDarkStyle\qdarkstyle\rc\branch_open.png">
      <Filter>Resource Files</Filter>
    </Image>
    <Image Include="..\..\..\..\Qt\Stylesheets\QDarkStyle\qdarkstyle\rc\Vsepartoolbar.png">
      <Filter>Resource Files</Filter>
    </Image>
    <Image Include="..\..\..\..\Qt\Stylesheets\QDarkStyle\qdarkstyle\rc\down_arrow_disabled.png">
      <Filter>Resource Files</Filter>
    </Image>
    <Image Include="..\..\..\..\Qt\Stylesheets\QDarkStyle\qdarkstyle\rc\undock.png">
      <Filter>Resource Files</Filter>
    </Image>
    <Image Include="..\..\..\..\Qt\Stylesheets\QDarkStyle\qdarkstyle\rc\checkbox_checked_disabled.png">
      <Filter>Resource Files</Filter>
    </Image>
    <Image Include="..\..\..\..\Qt\Stylesheets\QDarkStyle\qdarkstyle\rc\checkbox_checked_focus.png">
      <Filter>Resource Files</Filter>
    </Image>
    <Image Include="..\..\..\..\Qt\Stylesheets\QDarkStyle\qdarkstyle\rc\checkbox_checked.png">
      <Filter>Resource Files</Filter>
    </Image>
    <Image Include="..\..\..\..\Qt\Stylesheets\QDarkStyle\qdarkstyle\rc\checkbox_indeterminate.png">
      <Filter>Resource Files</Filter>
    </Image>
    <Image Include="..\..\..\..\Qt\Stylesheets\QDarkStyle\qdarkstyle\rc\checkbox_indeterminate_focus.png">
      <Filter>Resource Files</Filter>
    </Image>
    <Image Include="..\..\..\..\Qt\Stylesheets\QDarkStyle\qdarkstyle\rc\checkbox_unchecked_disabled.png">
      <Filter>Resource Files</Filter>
    </Image>
    <Image Include="..\..\..\..\Qt\Stylesheets\QDarkStyle\qdarkstyle\rc\checkbox_unchecked_focus.png">
      <Filter>Resource Files</Filter>
    </Image>
    <Image Include="..\..\..\..\Qt\Stylesheets\QDarkStyle\qdarkstyle\rc\checkbox_unchecked.png">
      <Filter>Resource Files</Filter>
    </Image>
    <Image Include="..\..\..\..\Qt\Stylesheets\QDarkStyle\qdarkstyle\rc\radio_checked_disabled.png">
      <Filter>Resource Files</Filter>
    </Image>
    <Image Include="..\..\..\..\Qt\Stylesheets\QDarkStyle\qdarkstyle\rc\radio_checked_focus.png">
      <Filter>Resource Files</Filter>
    </Image>
    <Image Include="..\..\..\..\Qt\Stylesheets\QDarkStyle\qdarkstyle\rc\radio_checked.png">
      <Filter>Resource Files</Filter>
    </Image>
    <Image Include="..\..\..\..\Qt\Stylesheets\QDarkStyle\qdarkstyle\rc\radio_unchecked_disabled.png">
      <Filter>Resource Files</Filter>
    </Image>
    <Image Include="..\..\..\..\Qt\Stylesheets\QDarkStyle\qdarkstyle\rc\radio_unchecked_focus.png">
      <Filter>Resource Files</Filter>
    </Image>
    <Image Include="..\..\..\..\Qt\Stylesheets\QDarkStyle\qdarkstyle\rc\radio_unchecked.png">
      <Filter>Resource Files</Filter>
    </Image>
    <Image Include="Resources\StyleSheets\rc\up_arrow_disabled.png">
      <Filter>Resource Files</Filter>
    </Image>
    <Image Include="Resources\StyleSheets\rc\Hmovetoolbar.png">
      <Filter>Resource Files</Filter>
    </Image>
    <Image Include="Resources\StyleSheets\rc\stylesheet-branch-end.png">
      <Filter>Resource Files</Filter>
    </Image>
    <Image Include="Resources\StyleSheets\rc\branch_closed-on.png">
      <Filter>Resource Files</Filter>
    </Image>
    <Image Include="Resources\StyleSheets\rc\stylesheet-vline.png">
      <Filter>Resource Files</Filter>
    </Image>
    <Image Include="Resources\StyleSheets\rc\branch_closed.png">
      <Filter>Resource Files</Filter>
    </Image>
    <Image Include="Resources\StyleSheets\rc\branch_open-on.png">
      <Filter>Resource Files</Filter>
    </Image>
    <Image Include="Resources\StyleSheets\rc\transparent.png">
      <Filter>Resource Files</Filter>
    </Image>
    <Image Include="Resources\StyleSheets\rc\right_arrow_disabled.png">
      <Filter>Resource Files</Filter>
    </Image>
    <Image Include="Resources\StyleSheets\rc\sizegrip.png">
      <Filter>Resource Files</Filter>
    </Image>
    <Image Include="Resources\StyleSheets\rc\close.png">
      <Filter>Resource Files</Filter>
    </Image>
    <Image Include="Resources\StyleSheets\rc\close-hover.png">
      <Filter>Resource Files</Filter>
    </Image>
    <Image Include="Resources\StyleSheets\rc\close-pressed.png">
      <Filter>Resource Files</Filter>
    </Image>
    <Image Include="Resources\StyleSheets\rc\down_arrow.png">
      <Filter>Resource Files</Filter>
    </Image>
    <Image Include="Resources\StyleSheets\rc\Vmovetoolbar.png">
      <Filter>Resource Files</Filter>
    </Image>
    <Image Include="Resources\StyleSheets\rc\left_arrow.png">
      <Filter>Resource Files</Filter>
    </Image>
    <Image Include="Resources\StyleSheets\rc\stylesheet-branch-more.png">
      <Filter>Resource Files</Filter>
    </Image>
    <Image Include="Resources\StyleSheets\rc\up_arrow.png">
      <Filter>Resource Files</Filter>
    </Image>
    <Image Include="Resources\StyleSheets\rc\right_arrow.png">
      <Filter>Resource Files</Filter>
    </Image>
    <Image Include="Resources\StyleSheets\rc\left_arrow_disabled.png">
      <Filter>Resource Files</Filter>
    </Image>
    <Image Include="Resources\StyleSheets\rc\Hsepartoolbar.png">
      <Filter>Resource Files</Filter>
    </Image>
    <Image Include="Resources\StyleSheets\rc\branch_open.png">
      <Filter>Resource Files</Filter>
    </Image>
    <Image Include="Resources\StyleSheets\rc\Vsepartoolbar.png">
      <Filter>Resource Files</Filter>
    </Image>
    <Image Include="Resources\StyleSheets\rc\down_arrow_disabled.png">
      <Filter>Resource Files</Filter>
    </Image>
    <Image Include="Resources\StyleSheets\rc\undock.png">
      <Filter>Resource Files</Filter>
    </Image>
    <Image Include="Resources\StyleSheets\rc\checkbox_checked_disabled.png">
      <Filter>Resource Files</Filter>
    </Image>
    <Image Include="Resources\StyleSheets\rc\checkbox_checked_focus.png">
      <Filter>Resource Files</Filter>
    </Image>
    <Image Include="Resources\StyleSheets\rc\checkbox_checked.png">
      <Filter>Resource Files</Filter>
    </Image>
    <Image Include="Resources\StyleSheets\rc\checkbox_indeterminate.png">
      <Filter>Resource Files</Filter>
    </Image>
    <Image Include="Resources\StyleSheets\rc\checkbox_indeterminate_focus.png">
      <Filter>Resource Files</Filter>
    </Image>
    <Image Include="Resources\StyleSheets\rc\checkbox_unchecked_disabled.png">
      <Filter>Resource Files</Filter>
    </Image>
    <Image Include="Resources\StyleSheets\rc\checkbox_unchecked_focus.png">
      <Filter>Resource Files</Filter>
    </Image>
    <Image Include="Resources\StyleSheets\rc\checkbox_unchecked.png">
      <Filter>Resource Files</Filter>
    </Image>
    <Image Include="Resources\StyleSheets\rc\radio_checked_disabled.png">
      <Filter>Resource Files</Filter>
    </Image>
    <Image Include="Resources\StyleSheets\rc\radio_checked_focus.png">
      <Filter>Resource Files</Filter>
    </Image>
    <Image Include="Resources\StyleSheets\rc\radio_checked.png">
      <Filter>Resource Files</Filter>
    </Image>
    <Image Include="Resources\StyleSheets\rc\radio_unchecked_disabled.png">
      <Filter>Resource Files</Filter>
    </Image>
    <Image Include="Resources\StyleSheets\rc\radio_unchecked_focus.png">
      <Filter>Resource Files</Filter>
    </Image>
    <Image Include="Resources\StyleSheets\rc\radio_unchecked.png">
      <Filter>Resource Files</Filter>
    </Image>
  </ItemGroup>
  <ItemGroup>
    <None Include="..\..\..\..\Qt\Stylesheets\QDarkStyle\qdarkstyle\style.qss">
      <Filter>Resource Files</Filter>
    </None>
    <None Include="Resources\StyleSheets\style.qss">
      <Filter>Resource Files</Filter>
    </None>
  </ItemGroup>
  <ItemGroup>
    <ResourceCompile Include="TextureTool.rc">
      <Filter>Resource Files</Filter>
    </ResourceCompile>
  </ItemGroup>
</Project>